
Microsoft Visual Studio Solution File, Format Version 12.00
# Visual Studio Version 16
VisualStudioVersion = 16.0.31613.86
MinimumVisualStudioVersion = 10.0.40219.1
Project("{2150E333-8FDC-42A3-9474-1A3956D46DE8}") = "Backend", "Backend", "{FCA63361-DC50-4A74-89A9-78CD4E420F30}"
EndProject
Project("{2150E333-8FDC-42A3-9474-1A3956D46DE8}") = "Frontend", "Frontend", "{B9412DC9-0A22-47E7-98AA-FF4CD3F86CAE}"
EndProject
Project("{FAE04EC0-301F-11D3-BF4B-00C04F79EFBC}") = "SistemaPV", "SistemaPV\SistemaPV.csproj", "{1CE1C686-0E91-4CC1-B04F-5EF5DCFD1385}"
EndProject
Global
	GlobalSection(SolutionConfigurationPlatforms) = preSolution
		Debug|Any CPU = Debug|Any CPU
		Release|Any CPU = Release|Any CPU
	EndGlobalSection
	GlobalSection(ProjectConfigurationPlatforms) = postSolution
		{1CE1C686-0E91-4CC1-B04F-5EF5DCFD1385}.Debug|Any CPU.ActiveCfg = Debug|Any CPU
		{1CE1C686-0E91-4CC1-B04F-5EF5DCFD1385}.Debug|Any CPU.Build.0 = Debug|Any CPU
		{1CE1C686-0E91-4CC1-B04F-5EF5DCFD1385}.Release|Any CPU.ActiveCfg = Release|Any CPU
		{1CE1C686-0E91-4CC1-B04F-5EF5DCFD1385}.Release|Any CPU.Build.0 = Release|Any CPU
	EndGlobalSection
	GlobalSection(SolutionProperties) = preSolution
		HideSolutionNode = FALSE
	EndGlobalSection
	GlobalSection(NestedProjects) = preSolution
		{1CE1C686-0E91-4CC1-B04F-5EF5DCFD1385} = {FCA63361-DC50-4A74-89A9-78CD4E420F30}
	EndGlobalSection
	GlobalSection(ExtensibilityGlobals) = postSolution
		SolutionGuid = {DAED9252-9FB4-4CC3-BDC3-95480068CB41}
	EndGlobalSection
EndGlobal
